
Microsoft Visual Studio Solution File, Format Version 12.00
# Visual Studio Version 17
VisualStudioVersion = 17.3.32804.467
MinimumVisualStudioVersion = 10.0.40219.1
Project("{FAE04EC0-301F-11D3-BF4B-00C04F79EFBC}") = "Class_Assignments-2", "Class_Assignments-2\Class_Assignments-2.csproj", "{5D1ACB76-C712-4CEA-865D-9A44809AA8A1}"
EndProject
Global
	GlobalSection(SolutionConfigurationPlatforms) = preSolution
		Debug|Any CPU = Debug|Any CPU
		Release|Any CPU = Release|Any CPU
	EndGlobalSection
	GlobalSection(ProjectConfigurationPlatforms) = postSolution
		{5D1ACB76-C712-4CEA-865D-9A44809AA8A1}.Debug|Any CPU.ActiveCfg = Debug|Any CPU
		{5D1ACB76-C712-4CEA-865D-9A44809AA8A1}.Debug|Any CPU.Build.0 = Debug|Any CPU
		{5D1ACB76-C712-4CEA-865D-9A44809AA8A1}.Release|Any CPU.ActiveCfg = Release|Any CPU
		{5D1ACB76-C712-4CEA-865D-9A44809AA8A1}.Release|Any CPU.Build.0 = Release|Any CPU
	EndGlobalSection
	GlobalSection(SolutionProperties) = preSolution
		HideSolutionNode = FALSE
	EndGlobalSection
	GlobalSection(ExtensibilityGlobals) = postSolution
		SolutionGuid = {AC54871B-636E-4603-A4D0-EC831DF4F9CE}
	EndGlobalSection
EndGlobal
